
Microsoft Visual Studio Solution File, Format Version 12.00
# Visual Studio Version 17
VisualStudioVersion = 17.0.31903.59
MinimumVisualStudioVersion = 10.0.40219.1
Project("{2150E333-8FDC-42A3-9474-1A3956D46DE8}") = "src", "src", "{827E0CD3-B72D-47B6-A68D-7590B98EB39B}"
EndProject
Project("{FAE04EC0-301F-11D3-BF4B-00C04F79EFBC}") = "Betl.Core", "src\Betl.Core\Betl.Core.csproj", "{CDF7113C-EB3F-438E-9FF1-FEBCD453F708}"
EndProject
Project("{FAE04EC0-301F-11D3-BF4B-00C04F79EFBC}") = "Betl.Runtime", "src\Betl.Runtime\Betl.Runtime.csproj", "{3F910BCD-7571-471A-B6FC-051EEC61E4B7}"
EndProject
Project("{FAE04EC0-301F-11D3-BF4B-00C04F79EFBC}") = "Betl.Components", "src\Betl.Components\Betl.Components.csproj", "{AE3C4CA7-9B4A-44A0-9600-0221A712D61E}"
EndProject
Project("{FAE04EC0-301F-11D3-BF4B-00C04F79EFBC}") = "Betl.Expressions.SsisExpr", "src\Betl.Expressions.SsisExpr\Betl.Expressions.SsisExpr.csproj", "{A286845B-0CA0-4839-9C9E-BEDF925E5738}"
EndProject
Project("{FAE04EC0-301F-11D3-BF4B-00C04F79EFBC}") = "Betl.Cli", "src\Betl.Cli\Betl.Cli.csproj", "{D803057B-1DF1-41B1-9F02-1F7994B080BA}"
EndProject
Project("{FAE04EC0-301F-11D3-BF4B-00C04F79EFBC}") = "Betl.Core.Tests", "tests\Betl.Core.Tests\Betl.Core.Tests.csproj", "{63139D6F-430C-414A-939D-69C1E0CBC65B}"
EndProject
Project("{FAE04EC0-301F-11D3-BF4B-00C04F79EFBC}") = "Betl.Expressions.SsisExpr.Tests", "tests\Betl.Expressions.SsisExpr.Tests\Betl.Expressions.SsisExpr.Tests.csproj", "{B9BBAA0E-7F43-43D6-9010-D91F4EF58888}"
EndProject
Project("{FAE04EC0-301F-11D3-BF4B-00C04F79EFBC}") = "Betl.Conformance.Tests", "tests\Betl.Conformance.Tests\Betl.Conformance.Tests.csproj", "{90D081A7-38DC-424F-8AAC-C9A7A0D6F619}"
EndProject
Project("{FAE04EC0-301F-11D3-BF4B-00C04F79EFBC}") = "Betl.Providers.Sql", "src\Betl.Providers.Sql\Betl.Providers.Sql.csproj", "{1823119C-C7EF-4D2B-8693-B1572236E93E}"
EndProject
Global
	GlobalSection(SolutionConfigurationPlatforms) = preSolution
		Debug|Any CPU = Debug|Any CPU
		Debug|x64 = Debug|x64
		Debug|x86 = Debug|x86
		Release|Any CPU = Release|Any CPU
		Release|x64 = Release|x64
		Release|x86 = Release|x86
	EndGlobalSection
	GlobalSection(ProjectConfigurationPlatforms) = postSolution
		{CDF7113C-EB3F-438E-9FF1-FEBCD453F708}.Debug|Any CPU.ActiveCfg = Debug|Any CPU
		{CDF7113C-EB3F-438E-9FF1-FEBCD453F708}.Debug|Any CPU.Build.0 = Debug|Any CPU
		{CDF7113C-EB3F-438E-9FF1-FEBCD453F708}.Debug|x64.ActiveCfg = Debug|Any CPU
		{CDF7113C-EB3F-438E-9FF1-FEBCD453F708}.Debug|x64.Build.0 = Debug|Any CPU
		{CDF7113C-EB3F-438E-9FF1-FEBCD453F708}.Debug|x86.ActiveCfg = Debug|Any CPU
		{CDF7113C-EB3F-438E-9FF1-FEBCD453F708}.Debug|x86.Build.0 = Debug|Any CPU
		{CDF7113C-EB3F-438E-9FF1-FEBCD453F708}.Release|Any CPU.ActiveCfg = Release|Any CPU
		{CDF7113C-EB3F-438E-9FF1-FEBCD453F708}.Release|Any CPU.Build.0 = Release|Any CPU
		{CDF7113C-EB3F-438E-9FF1-FEBCD453F708}.Release|x64.ActiveCfg = Release|Any CPU
		{CDF7113C-EB3F-438E-9FF1-FEBCD453F708}.Release|x64.Build.0 = Release|Any CPU
		{CDF7113C-EB3F-438E-9FF1-FEBCD453F708}.Release|x86.ActiveCfg = Release|Any CPU
		{CDF7113C-EB3F-438E-9FF1-FEBCD453F708}.Release|x86.Build.0 = Release|Any CPU
		{3F910BCD-7571-471A-B6FC-051EEC61E4B7}.Debug|Any CPU.ActiveCfg = Debug|Any CPU
		{3F910BCD-7571-471A-B6FC-051EEC61E4B7}.Debug|Any CPU.Build.0 = Debug|Any CPU
		{3F910BCD-7571-471A-B6FC-051EEC61E4B7}.Debug|x64.ActiveCfg = Debug|Any CPU
		{3F910BCD-7571-471A-B6FC-051EEC61E4B7}.Debug|x64.Build.0 = Debug|Any CPU
		{3F910BCD-7571-471A-B6FC-051EEC61E4B7}.Debug|x86.ActiveCfg = Debug|Any CPU
		{3F910BCD-7571-471A-B6FC-051EEC61E4B7}.Debug|x86.Build.0 = Debug|Any CPU
		{3F910BCD-7571-471A-B6FC-051EEC61E4B7}.Release|Any CPU.ActiveCfg = Release|Any CPU
		{3F910BCD-7571-471A-B6FC-051EEC61E4B7}.Release|Any CPU.Build.0 = Release|Any CPU
		{3F910BCD-7571-471A-B6FC-051EEC61E4B7}.Release|x64.ActiveCfg = Release|Any CPU
		{3F910BCD-7571-471A-B6FC-051EEC61E4B7}.Release|x64.Build.0 = Release|Any CPU
		{3F910BCD-7571-471A-B6FC-051EEC61E4B7}.Release|x86.ActiveCfg = Release|Any CPU
		{3F910BCD-7571-471A-B6FC-051EEC61E4B7}.Release|x86.Build.0 = Release|Any CPU
		{AE3C4CA7-9B4A-44A0-9600-0221A712D61E}.Debug|Any CPU.ActiveCfg = Debug|Any CPU
		{AE3C4CA7-9B4A-44A0-9600-0221A712D61E}.Debug|Any CPU.Build.0 = Debug|Any CPU
		{AE3C4CA7-9B4A-44A0-9600-0221A712D61E}.Debug|x64.ActiveCfg = Debug|Any CPU
		{AE3C4CA7-9B4A-44A0-9600-0221A712D61E}.Debug|x64.Build.0 = Debug|Any CPU
		{AE3C4CA7-9B4A-44A0-9600-0221A712D61E}.Debug|x86.ActiveCfg = Debug|Any CPU
		{AE3C4CA7-9B4A-44A0-9600-0221A712D61E}.Debug|x86.Build.0 = Debug|Any CPU
		{AE3C4CA7-9B4A-44A0-9600-0221A712D61E}.Release|Any CPU.ActiveCfg = Release|Any CPU
		{AE3C4CA7-9B4A-44A0-9600-0221A712D61E}.Release|Any CPU.Build.0 = Release|Any CPU
		{AE3C4CA7-9B4A-44A0-9600-0221A712D61E}.Release|x64.ActiveCfg = Release|Any CPU
		{AE3C4CA7-9B4A-44A0-9600-0221A712D61E}.Release|x64.Build.0 = Release|Any CPU
		{AE3C4CA7-9B4A-44A0-9600-0221A712D61E}.Release|x86.ActiveCfg = Release|Any CPU
		{AE3C4CA7-9B4A-44A0-9600-0221A712D61E}.Release|x86.Build.0 = Release|Any CPU
		{A286845B-0CA0-4839-9C9E-BEDF925E5738}.Debug|Any CPU.ActiveCfg = Debug|Any CPU
		{A286845B-0CA0-4839-9C9E-BEDF925E5738}.Debug|Any CPU.Build.0 = Debug|Any CPU
		{A286845B-0CA0-4839-9C9E-BEDF925E5738}.Debug|x64.ActiveCfg = Debug|Any CPU
		{A286845B-0CA0-4839-9C9E-BEDF925E5738}.Debug|x64.Build.0 = Debug|Any CPU
		{A286845B-0CA0-4839-9C9E-BEDF925E5738}.Debug|x86.ActiveCfg = Debug|Any CPU
		{A286845B-0CA0-4839-9C9E-BEDF925E5738}.Debug|x86.Build.0 = Debug|Any CPU
		{A286845B-0CA0-4839-9C9E-BEDF925E5738}.Release|Any CPU.ActiveCfg = Release|Any CPU
		{A286845B-0CA0-4839-9C9E-BEDF925E5738}.Release|Any CPU.Build.0 = Release|Any CPU
		{A286845B-0CA0-4839-9C9E-BEDF925E5738}.Release|x64.ActiveCfg = Release|Any CPU
		{A286845B-0CA0-4839-9C9E-BEDF925E5738}.Release|x64.Build.0 = Release|Any CPU
		{A286845B-0CA0-4839-9C9E-BEDF925E5738}.Release|x86.ActiveCfg = Release|Any CPU
		{A286845B-0CA0-4839-9C9E-BEDF925E5738}.Release|x86.Build.0 = Release|Any CPU
		{D803057B-1DF1-41B1-9F02-1F7994B080BA}.Debug|Any CPU.ActiveCfg = Debug|Any CPU
		{D803057B-1DF1-41B1-9F02-1F7994B080BA}.Debug|Any CPU.Build.0 = Debug|Any CPU
		{D803057B-1DF1-41B1-9F02-1F7994B080BA}.Debug|x64.ActiveCfg = Debug|Any CPU
		{D803057B-1DF1-41B1-9F02-1F7994B080BA}.Debug|x64.Build.0 = Debug|Any CPU
		{D803057B-1DF1-41B1-9F02-1F7994B080BA}.Debug|x86.ActiveCfg = Debug|Any CPU
		{D803057B-1DF1-41B1-9F02-1F7994B080BA}.Debug|x86.Build.0 = Debug|Any CPU
		{D803057B-1DF1-41B1-9F02-1F7994B080BA}.Release|Any CPU.ActiveCfg = Release|Any CPU
		{D803057B-1DF1-41B1-9F02-1F7994B080BA}.Release|Any CPU.Build.0 = Release|Any CPU
		{D803057B-1DF1-41B1-9F02-1F7994B080BA}.Release|x64.ActiveCfg = Release|Any CPU
		{D803057B-1DF1-41B1-9F02-1F7994B080BA}.Release|x64.Build.0 = Release|Any CPU
		{D803057B-1DF1-41B1-9F02-1F7994B080BA}.Release|x86.ActiveCfg = Release|Any CPU
		{D803057B-1DF1-41B1-9F02-1F7994B080BA}.Release|x86.Build.0 = Release|Any CPU
		{63139D6F-430C-414A-939D-69C1E0CBC65B}.Debug|Any CPU.ActiveCfg = Debug|Any CPU
		{63139D6F-430C-414A-939D-69C1E0CBC65B}.Debug|Any CPU.Build.0 = Debug|Any CPU
		{63139D6F-430C-414A-939D-69C1E0CBC65B}.Debug|x64.ActiveCfg = Debug|Any CPU
		{63139D6F-430C-414A-939D-69C1E0CBC65B}.Debug|x64.Build.0 = Debug|Any CPU
		{63139D6F-430C-414A-939D-69C1E0CBC65B}.Debug|x86.ActiveCfg = Debug|Any CPU
		{63139D6F-430C-414A-939D-69C1E0CBC65B}.Debug|x86.Build.0 = Debug|Any CPU
		{63139D6F-430C-414A-939D-69C1E0CBC65B}.Release|Any CPU.ActiveCfg = Release|Any CPU
		{63139D6F-430C-414A-939D-69C1E0CBC65B}.Release|Any CPU.Build.0 = Release|Any CPU
		{63139D6F-430C-414A-939D-69C1E0CBC65B}.Release|x64.ActiveCfg = Release|Any CPU
		{63139D6F-430C-414A-939D-69C1E0CBC65B}.Release|x64.Build.0 = Release|Any CPU
		{63139D6F-430C-414A-939D-69C1E0CBC65B}.Release|x86.ActiveCfg = Release|Any CPU
		{63139D6F-430C-414A-939D-69C1E0CBC65B}.Release|x86.Build.0 = Release|Any CPU
		{B9BBAA0E-7F43-43D6-9010-D91F4EF58888}.Debug|Any CPU.ActiveCfg = Debug|Any CPU
		{B9BBAA0E-7F43-43D6-9010-D91F4EF58888}.Debug|Any CPU.Build.0 = Debug|Any CPU
		{B9BBAA0E-7F43-43D6-9010-D91F4EF58888}.Debug|x64.ActiveCfg = Debug|Any CPU
		{B9BBAA0E-7F43-43D6-9010-D91F4EF58888}.Debug|x64.Build.0 = Debug|Any CPU
		{B9BBAA0E-7F43-43D6-9010-D91F4EF58888}.Debug|x86.ActiveCfg = Debug|Any CPU
		{B9BBAA0E-7F43-43D6-9010-D91F4EF58888}.Debug|x86.Build.0 = Debug|Any CPU
		{B9BBAA0E-7F43-43D6-9010-D91F4EF58888}.Release|Any CPU.ActiveCfg = Release|Any CPU
		{B9BBAA0E-7F43-43D6-9010-D91F4EF58888}.Release|Any CPU.Build.0 = Release|Any CPU
		{B9BBAA0E-7F43-43D6-9010-D91F4EF58888}.Release|x64.ActiveCfg = Release|Any CPU
		{B9BBAA0E-7F43-43D6-9010-D91F4EF58888}.Release|x64.Build.0 = Release|Any CPU
		{B9BBAA0E-7F43-43D6-9010-D91F4EF58888}.Release|x86.ActiveCfg = Release|Any CPU
		{B9BBAA0E-7F43-43D6-9010-D91F4EF58888}.Release|x86.Build.0 = Release|Any CPU
		{90D081A7-38DC-424F-8AAC-C9A7A0D6F619}.Debug|Any CPU.ActiveCfg = Debug|Any CPU
		{90D081A7-38DC-424F-8AAC-C9A7A0D6F619}.Debug|Any CPU.Build.0 = Debug|Any CPU
		{90D081A7-38DC-424F-8AAC-C9A7A0D6F619}.Debug|x64.ActiveCfg = Debug|Any CPU
		{90D081A7-38DC-424F-8AAC-C9A7A0D6F619}.Debug|x64.Build.0 = Debug|Any CPU
		{90D081A7-38DC-424F-8AAC-C9A7A0D6F619}.Debug|x86.ActiveCfg = Debug|Any CPU
		{90D081A7-38DC-424F-8AAC-C9A7A0D6F619}.Debug|x86.Build.0 = Debug|Any CPU
		{90D081A7-38DC-424F-8AAC-C9A7A0D6F619}.Release|Any CPU.ActiveCfg = Release|Any CPU
		{90D081A7-38DC-424F-8AAC-C9A7A0D6F619}.Release|Any CPU.Build.0 = Release|Any CPU
		{90D081A7-38DC-424F-8AAC-C9A7A0D6F619}.Release|x64.ActiveCfg = Release|Any CPU
		{90D081A7-38DC-424F-8AAC-C9A7A0D6F619}.Release|x64.Build.0 = Release|Any CPU
		{90D081A7-38DC-424F-8AAC-C9A7A0D6F619}.Release|x86.ActiveCfg = Release|Any CPU
		{90D081A7-38DC-424F-8AAC-C9A7A0D6F619}.Release|x86.Build.0 = Release|Any CPU
		{1823119C-C7EF-4D2B-8693-B1572236E93E}.Debug|Any CPU.ActiveCfg = Debug|Any CPU
		{1823119C-C7EF-4D2B-8693-B1572236E93E}.Debug|Any CPU.Build.0 = Debug|Any CPU
		{1823119C-C7EF-4D2B-8693-B1572236E93E}.Debug|x64.ActiveCfg = Debug|Any CPU
		{1823119C-C7EF-4D2B-8693-B1572236E93E}.Debug|x64.Build.0 = Debug|Any CPU
		{1823119C-C7EF-4D2B-8693-B1572236E93E}.Debug|x86.ActiveCfg = Debug|Any CPU
		{1823119C-C7EF-4D2B-8693-B1572236E93E}.Debug|x86.Build.0 = Debug|Any CPU
		{1823119C-C7EF-4D2B-8693-B1572236E93E}.Release|Any CPU.ActiveCfg = Release|Any CPU
		{1823119C-C7EF-4D2B-8693-B1572236E93E}.Release|Any CPU.Build.0 = Release|Any CPU
		{1823119C-C7EF-4D2B-8693-B1572236E93E}.Release|x64.ActiveCfg = Release|Any CPU
		{1823119C-C7EF-4D2B-8693-B1572236E93E}.Release|x64.Build.0 = Release|Any CPU
		{1823119C-C7EF-4D2B-8693-B1572236E93E}.Release|x86.ActiveCfg = Release|Any CPU
		{1823119C-C7EF-4D2B-8693-B1572236E93E}.Release|x86.Build.0 = Release|Any CPU
	EndGlobalSection
	GlobalSection(SolutionProperties) = preSolution
		HideSolutionNode = FALSE
	EndGlobalSection
	GlobalSection(NestedProjects) = preSolution
		{CDF7113C-EB3F-438E-9FF1-FEBCD453F708} = {827E0CD3-B72D-47B6-A68D-7590B98EB39B}
		{3F910BCD-7571-471A-B6FC-051EEC61E4B7} = {827E0CD3-B72D-47B6-A68D-7590B98EB39B}
		{AE3C4CA7-9B4A-44A0-9600-0221A712D61E} = {827E0CD3-B72D-47B6-A68D-7590B98EB39B}
		{A286845B-0CA0-4839-9C9E-BEDF925E5738} = {827E0CD3-B72D-47B6-A68D-7590B98EB39B}
		{D803057B-1DF1-41B1-9F02-1F7994B080BA} = {827E0CD3-B72D-47B6-A68D-7590B98EB39B}
		{63139D6F-430C-414A-939D-69C1E0CBC65B} = {827E0CD3-B72D-47B6-A68D-7590B98EB39B}
		{B9BBAA0E-7F43-43D6-9010-D91F4EF58888} = {827E0CD3-B72D-47B6-A68D-7590B98EB39B}
		{90D081A7-38DC-424F-8AAC-C9A7A0D6F619} = {827E0CD3-B72D-47B6-A68D-7590B98EB39B}
		{1823119C-C7EF-4D2B-8693-B1572236E93E} = {827E0CD3-B72D-47B6-A68D-7590B98EB39B}
	EndGlobalSection
EndGlobal
